{
  "name": "ccxt-test",
  "version": "1.0.0",
  "lockfileVersion": 2,
  "requires": true,
  "packages": {
    "": {
      "name": "ccxt-test",
      "version": "1.0.0",
      "license": "ISC",
      "dependencies": {
        "ccxt": "^1.74.63"
      }
    },
    "node_modules/ccxt": {
      "version": "1.74.63",
      "resolved": "https://registry.npmjs.org/ccxt/-/ccxt-1.74.63.tgz",
      "integrity": "sha512-dxDD6kQ/N3LnFIrVOEvyRRRH+DBVF1jqQ0xTVH4beEOniur6aRtQxqdLfXTmf7gi2wRCOd3Qliok6q44beBIcw==",
      "hasInstallScript": true,
      "engines": {
        "node": ">=10.4.0"
      }
    }
  },
  "dependencies": {
    "ccxt": {
      "version": "1.74.63",
      "resolved": "https://registry.npmjs.org/ccxt/-/ccxt-1.74.63.tgz",
      "integrity": "sha512-dxDD6kQ/N3LnFIrVOEvyRRRH+DBVF1jqQ0xTVH4beEOniur6aRtQxqdLfXTmf7gi2wRCOd3Qliok6q44beBIcw=="
    }
  }
}
